
Microsoft Visual Studio Solution File, Format Version 12.00
# Visual Studio Version 17
VisualStudioVersion = 17.3.32901.215
MinimumVisualStudioVersion = 10.0.40219.1
Project("{FAE04EC0-301F-11D3-BF4B-00C04F79EFBC}") = "ежедневник", "ежедневник\ежедневник.csproj", "{F02DA67F-4C71-480A-84C2-54A94F8C73E7}"
EndProject
Global
	GlobalSection(SolutionConfigurationPlatforms) = preSolution
		Debug|Any CPU = Debug|Any CPU
		Release|Any CPU = Release|Any CPU
	EndGlobalSection
	GlobalSection(ProjectConfigurationPlatforms) = postSolution
		{F02DA67F-4C71-480A-84C2-54A94F8C73E7}.Debug|Any CPU.ActiveCfg = Debug|Any CPU
		{F02DA67F-4C71-480A-84C2-54A94F8C73E7}.Debug|Any CPU.Build.0 = Debug|Any CPU
		{F02DA67F-4C71-480A-84C2-54A94F8C73E7}.Release|Any CPU.ActiveCfg = Release|Any CPU
		{F02DA67F-4C71-480A-84C2-54A94F8C73E7}.Release|Any CPU.Build.0 = Release|Any CPU
	EndGlobalSection
	GlobalSection(SolutionProperties) = preSolution
		HideSolutionNode = FALSE
	EndGlobalSection
	GlobalSection(ExtensibilityGlobals) = postSolution
		SolutionGuid = {CD732104-5FAF-4DC0-BDD0-0B317F0572DB}
	EndGlobalSection
EndGlobal
